
Microsoft Visual Studio Solution File, Format Version 12.00
# Visual Studio 14
VisualStudioVersion = 14.0.23107.0
MinimumVisualStudioVersion = 10.0.40219.1
Project("{8BC9CEB8-8B4A-11D0-8D11-00A0C91BC942}") = "conCaveFirst.conCaveBoard", "conCaveFirst\conCaveFirst.vcxproj", "{A1BEE0B2-5017-48A1-967B-5628B5B03303}"
EndProject
Project("{8BC9CEB8-8B4A-11D0-8D11-00A0C91BC942}") = "conCaveFirst.conCaveBoardRecognizer", "conCaveFirst.conCaveBoardRecognizer\conCaveFirst.conCaveBoardRecognizer.vcxproj", "{F983001F-89D1-4C09-9FCD-D79D383ECEB5}"
EndProject
Project("{8BC9CEB8-8B4A-11D0-8D11-00A0C91BC942}") = "conCaveFirst.playDisplay", "conCaveFirst.playDisplay\conCaveFirst.playDisplay.vcxproj", "{AA0EF301-62ED-4657-A6BD-F57055697ED3}"
EndProject
Global
	GlobalSection(SolutionConfigurationPlatforms) = preSolution
		Debug|x64 = Debug|x64
		Debug|x86 = Debug|x86
		Release|x64 = Release|x64
		Release|x86 = Release|x86
	EndGlobalSection
	GlobalSection(ProjectConfigurationPlatforms) = postSolution
		{A1BEE0B2-5017-48A1-967B-5628B5B03303}.Debug|x64.ActiveCfg = Debug|x64
		{A1BEE0B2-5017-48A1-967B-5628B5B03303}.Debug|x64.Build.0 = Debug|x64
		{A1BEE0B2-5017-48A1-967B-5628B5B03303}.Debug|x86.ActiveCfg = Debug|Win32
		{A1BEE0B2-5017-48A1-967B-5628B5B03303}.Debug|x86.Build.0 = Debug|Win32
		{A1BEE0B2-5017-48A1-967B-5628B5B03303}.Release|x64.ActiveCfg = Release|x64
		{A1BEE0B2-5017-48A1-967B-5628B5B03303}.Release|x64.Build.0 = Release|x64
		{A1BEE0B2-5017-48A1-967B-5628B5B03303}.Release|x86.ActiveCfg = Release|Win32
		{A1BEE0B2-5017-48A1-967B-5628B5B03303}.Release|x86.Build.0 = Release|Win32
		{F983001F-89D1-4C09-9FCD-D79D383ECEB5}.Debug|x64.ActiveCfg = Debug|x64
		{F983001F-89D1-4C09-9FCD-D79D383ECEB5}.Debug|x64.Build.0 = Debug|x64
		{F983001F-89D1-4C09-9FCD-D79D383ECEB5}.Debug|x86.ActiveCfg = Debug|Win32
		{F983001F-89D1-4C09-9FCD-D79D383ECEB5}.Debug|x86.Build.0 = Debug|Win32
		{F983001F-89D1-4C09-9FCD-D79D383ECEB5}.Release|x64.ActiveCfg = Release|x64
		{F983001F-89D1-4C09-9FCD-D79D383ECEB5}.Release|x64.Build.0 = Release|x64
		{F983001F-89D1-4C09-9FCD-D79D383ECEB5}.Release|x86.ActiveCfg = Release|Win32
		{F983001F-89D1-4C09-9FCD-D79D383ECEB5}.Release|x86.Build.0 = Release|Win32
		{AA0EF301-62ED-4657-A6BD-F57055697ED3}.Debug|x64.ActiveCfg = Debug|x64
		{AA0EF301-62ED-4657-A6BD-F57055697ED3}.Debug|x64.Build.0 = Debug|x64
		{AA0EF301-62ED-4657-A6BD-F57055697ED3}.Debug|x86.ActiveCfg = Debug|Win32
		{AA0EF301-62ED-4657-A6BD-F57055697ED3}.Debug|x86.Build.0 = Debug|Win32
		{AA0EF301-62ED-4657-A6BD-F57055697ED3}.Release|x64.ActiveCfg = Release|x64
		{AA0EF301-62ED-4657-A6BD-F57055697ED3}.Release|x64.Build.0 = Release|x64
		{AA0EF301-62ED-4657-A6BD-F57055697ED3}.Release|x86.ActiveCfg = Release|Win32
		{AA0EF301-62ED-4657-A6BD-F57055697ED3}.Release|x86.Build.0 = Release|Win32
	EndGlobalSection
	GlobalSection(SolutionProperties) = preSolution
		HideSolutionNode = FALSE
	EndGlobalSection
EndGlobal
